
Microsoft Visual Studio Solution File, Format Version 12.00
# Visual Studio 15
VisualStudioVersion = 15.0.28010.2026
MinimumVisualStudioVersion = 10.0.40219.1
Project("{FAE04EC0-301F-11D3-BF4B-00C04F79EFBC}") = "8-1-password", "8-1-password\8-1-password.csproj", "{A3F3F918-4D4E-4214-A0E0-8C37D7D458AE}"
EndProject
Global
	GlobalSection(SolutionConfigurationPlatforms) = preSolution
		Debug|Any CPU = Debug|Any CPU
		Release|Any CPU = Release|Any CPU
	EndGlobalSection
	GlobalSection(ProjectConfigurationPlatforms) = postSolution
		{A3F3F918-4D4E-4214-A0E0-8C37D7D458AE}.Debug|Any CPU.ActiveCfg = Debug|Any CPU
		{A3F3F918-4D4E-4214-A0E0-8C37D7D458AE}.Debug|Any CPU.Build.0 = Debug|Any CPU
		{A3F3F918-4D4E-4214-A0E0-8C37D7D458AE}.Release|Any CPU.ActiveCfg = Release|Any CPU
		{A3F3F918-4D4E-4214-A0E0-8C37D7D458AE}.Release|Any CPU.Build.0 = Release|Any CPU
	EndGlobalSection
	GlobalSection(SolutionProperties) = preSolution
		HideSolutionNode = FALSE
	EndGlobalSection
	GlobalSection(ExtensibilityGlobals) = postSolution
		SolutionGuid = {BC7C87AB-F05C-45C0-A289-977FC62BBE27}
	EndGlobalSection
EndGlobal
