
Microsoft Visual Studio Solution File, Format Version 12.00
# Visual Studio 15
VisualStudioVersion = 15.0.28010.2026
MinimumVisualStudioVersion = 10.0.40219.1
Project("{FAE04EC0-301F-11D3-BF4B-00C04F79EFBC}") = "5-1-books", "5-1-books\5-1-books.csproj", "{B48872EE-FFFF-4AD4-AABB-BEE582CF3EDE}"
EndProject
Global
	GlobalSection(SolutionConfigurationPlatforms) = preSolution
		Debug|Any CPU = Debug|Any CPU
		Release|Any CPU = Release|Any CPU
	EndGlobalSection
	GlobalSection(ProjectConfigurationPlatforms) = postSolution
		{B48872EE-FFFF-4AD4-AABB-BEE582CF3EDE}.Debug|Any CPU.ActiveCfg = Debug|Any CPU
		{B48872EE-FFFF-4AD4-AABB-BEE582CF3EDE}.Debug|Any CPU.Build.0 = Debug|Any CPU
		{B48872EE-FFFF-4AD4-AABB-BEE582CF3EDE}.Release|Any CPU.ActiveCfg = Release|Any CPU
		{B48872EE-FFFF-4AD4-AABB-BEE582CF3EDE}.Release|Any CPU.Build.0 = Release|Any CPU
	EndGlobalSection
	GlobalSection(SolutionProperties) = preSolution
		HideSolutionNode = FALSE
	EndGlobalSection
	GlobalSection(ExtensibilityGlobals) = postSolution
		SolutionGuid = {46075C4F-07D7-4EC3-9A07-4AEEF532AF76}
	EndGlobalSection
EndGlobal
