
Microsoft Visual Studio Solution File, Format Version 12.00
# Visual Studio 15
VisualStudioVersion = 15.0.28010.2026
MinimumVisualStudioVersion = 10.0.40219.1
Project("{FAE04EC0-301F-11D3-BF4B-00C04F79EFBC}") = "7-5-message", "7-5-message\7-5-message.csproj", "{49A8B45E-1FED-4E8C-A01D-E39AD2B6A871}"
EndProject
Global
	GlobalSection(SolutionConfigurationPlatforms) = preSolution
		Debug|Any CPU = Debug|Any CPU
		Release|Any CPU = Release|Any CPU
	EndGlobalSection
	GlobalSection(ProjectConfigurationPlatforms) = postSolution
		{49A8B45E-1FED-4E8C-A01D-E39AD2B6A871}.Debug|Any CPU.ActiveCfg = Debug|Any CPU
		{49A8B45E-1FED-4E8C-A01D-E39AD2B6A871}.Debug|Any CPU.Build.0 = Debug|Any CPU
		{49A8B45E-1FED-4E8C-A01D-E39AD2B6A871}.Release|Any CPU.ActiveCfg = Release|Any CPU
		{49A8B45E-1FED-4E8C-A01D-E39AD2B6A871}.Release|Any CPU.Build.0 = Release|Any CPU
	EndGlobalSection
	GlobalSection(SolutionProperties) = preSolution
		HideSolutionNode = FALSE
	EndGlobalSection
	GlobalSection(ExtensibilityGlobals) = postSolution
		SolutionGuid = {AAB901B9-FC30-4413-B46C-C25C88B0E122}
	EndGlobalSection
EndGlobal
