
Microsoft Visual Studio Solution File, Format Version 12.00
# Visual Studio 15
VisualStudioVersion = 15.0.28010.2026
MinimumVisualStudioVersion = 10.0.40219.1
Project("{FAE04EC0-301F-11D3-BF4B-00C04F79EFBC}") = "HundredChicken", "HundredChicken\HundredChicken.csproj", "{133B622F-1088-4D5C-B66A-13D33D1A36FC}"
EndProject
Global
	GlobalSection(SolutionConfigurationPlatforms) = preSolution
		Debug|Any CPU = Debug|Any CPU
		Release|Any CPU = Release|Any CPU
	EndGlobalSection
	GlobalSection(ProjectConfigurationPlatforms) = postSolution
		{133B622F-1088-4D5C-B66A-13D33D1A36FC}.Debug|Any CPU.ActiveCfg = Debug|Any CPU
		{133B622F-1088-4D5C-B66A-13D33D1A36FC}.Debug|Any CPU.Build.0 = Debug|Any CPU
		{133B622F-1088-4D5C-B66A-13D33D1A36FC}.Release|Any CPU.ActiveCfg = Release|Any CPU
		{133B622F-1088-4D5C-B66A-13D33D1A36FC}.Release|Any CPU.Build.0 = Release|Any CPU
	EndGlobalSection
	GlobalSection(SolutionProperties) = preSolution
		HideSolutionNode = FALSE
	EndGlobalSection
	GlobalSection(ExtensibilityGlobals) = postSolution
		SolutionGuid = {5FB8BDF1-82A2-434C-9D72-CB68F8DDE7BD}
	EndGlobalSection
EndGlobal
